
Microsoft Visual Studio Solution File, Format Version 12.00
# Visual Studio Version 17
VisualStudioVersion = 17.4.33213.308
MinimumVisualStudioVersion = 10.0.40219.1
Project("{9A19103F-16F7-4668-BE54-9A1E7A4F7556}") = "roguegame", "roguegame\roguegame.csproj", "{F9148C7C-0BCF-475B-B6C5-7ADCB8AED79C}"
EndProject
Project("{9A19103F-16F7-4668-BE54-9A1E7A4F7556}") = "RayGuiCreator", "..\rogue reposituoru\RayGuiCreator\RayGuiCreator\RayGuiCreator.csproj", "{B8B2F6AB-20A2-4A7F-BA26-4213B2EAAA56}"
EndProject
Project("{9A19103F-16F7-4668-BE54-9A1E7A4F7556}") = "TurboMapReader", "..\rogue reposituoru\TurboMapReader\TurboMapReader.csproj", "{682393AA-4DAE-4048-AAF9-D70A9208769F}"
EndProject
Global
	GlobalSection(SolutionConfigurationPlatforms) = preSolution
		Debug|Any CPU = Debug|Any CPU
		Release|Any CPU = Release|Any CPU
	EndGlobalSection
	GlobalSection(ProjectConfigurationPlatforms) = postSolution
		{F9148C7C-0BCF-475B-B6C5-7ADCB8AED79C}.Debug|Any CPU.ActiveCfg = Debug|Any CPU
		{F9148C7C-0BCF-475B-B6C5-7ADCB8AED79C}.Debug|Any CPU.Build.0 = Debug|Any CPU
		{F9148C7C-0BCF-475B-B6C5-7ADCB8AED79C}.Release|Any CPU.ActiveCfg = Release|Any CPU
		{F9148C7C-0BCF-475B-B6C5-7ADCB8AED79C}.Release|Any CPU.Build.0 = Release|Any CPU
		{B8B2F6AB-20A2-4A7F-BA26-4213B2EAAA56}.Debug|Any CPU.ActiveCfg = Debug|Any CPU
		{B8B2F6AB-20A2-4A7F-BA26-4213B2EAAA56}.Debug|Any CPU.Build.0 = Debug|Any CPU
		{B8B2F6AB-20A2-4A7F-BA26-4213B2EAAA56}.Release|Any CPU.ActiveCfg = Release|Any CPU
		{B8B2F6AB-20A2-4A7F-BA26-4213B2EAAA56}.Release|Any CPU.Build.0 = Release|Any CPU
		{682393AA-4DAE-4048-AAF9-D70A9208769F}.Debug|Any CPU.ActiveCfg = Debug|Any CPU
		{682393AA-4DAE-4048-AAF9-D70A9208769F}.Debug|Any CPU.Build.0 = Debug|Any CPU
		{682393AA-4DAE-4048-AAF9-D70A9208769F}.Release|Any CPU.ActiveCfg = Release|Any CPU
		{682393AA-4DAE-4048-AAF9-D70A9208769F}.Release|Any CPU.Build.0 = Release|Any CPU
	EndGlobalSection
	GlobalSection(SolutionProperties) = preSolution
		HideSolutionNode = FALSE
	EndGlobalSection
	GlobalSection(ExtensibilityGlobals) = postSolution
		SolutionGuid = {C162A1AF-5F18-414C-9FEC-7B4C30771470}
	EndGlobalSection
EndGlobal
